
Microsoft Visual Studio Solution File, Format Version 12.00
# Visual Studio Version 16
VisualStudioVersion = 16.0.29911.84
MinimumVisualStudioVersion = 10.0.40219.1
Project("{FAE04EC0-301F-11D3-BF4B-00C04F79EFBC}") = "ThreadNotifier", "ThreadNotifier\ThreadNotifier.csproj", "{7DF6BEAD-48F9-4963-B0F2-516350FAB321}"
EndProject
Global
	GlobalSection(SolutionConfigurationPlatforms) = preSolution
		Debug|Any CPU = Debug|Any CPU
		Release|Any CPU = Release|Any CPU
	EndGlobalSection
	GlobalSection(ProjectConfigurationPlatforms) = postSolution
		{7DF6BEAD-48F9-4963-B0F2-516350FAB321}.Debug|Any CPU.ActiveCfg = Debug|Any CPU
		{7DF6BEAD-48F9-4963-B0F2-516350FAB321}.Debug|Any CPU.Build.0 = Debug|Any CPU
		{7DF6BEAD-48F9-4963-B0F2-516350FAB321}.Release|Any CPU.ActiveCfg = Release|Any CPU
		{7DF6BEAD-48F9-4963-B0F2-516350FAB321}.Release|Any CPU.Build.0 = Release|Any CPU
	EndGlobalSection
	GlobalSection(SolutionProperties) = preSolution
		HideSolutionNode = FALSE
	EndGlobalSection
	GlobalSection(ExtensibilityGlobals) = postSolution
		SolutionGuid = {0A402097-7DA9-42FC-93FE-E154E558CED1}
	EndGlobalSection
EndGlobal
